{
 "graph_lock": {
  "nodes": {
   "0": {
    "options": "boost:asio_no_deprecated=False\nboost:bzip2=True\nboost:debug_level=0\nboost:diagnostic_definitions=False\nboost:error_code_header_only=False\nboost:extra_b2_flags=None\nboost:fPIC=True\nboost:filesystem_no_deprecated=False\nboost:header_only=False\nboost:i18n_backend=iconv\nboost:layout=system\nboost:lzma=False\nboost:magic_autolink=False\nboost:multithreading=True\nboost:namespace=boost\nboost:namespace_alias=False\nboost:numa=True\nboost:pch=True\nboost:python_executable=None\nboost:python_version=None\nboost:segmented_stacks=False\nboost:shared=False\nboost:system_no_deprecated=False\nboost:visibility=hidden\nboost:without_atomic=False\nboost:without_chrono=False\nboost:without_container=False\nboost:without_context=False\nboost:without_contract=False\nboost:without_coroutine=False\nboost:without_date_time=False\nboost:without_exception=False\nboost:without_fiber=False\nboost:without_filesystem=False\nboost:without_graph=False\nboost:without_graph_parallel=True\nboost:without_iostreams=False\nboost:without_json=False\nboost:without_locale=False\nboost:without_log=False\nboost:without_math=False\nboost:without_mpi=True\nboost:without_nowide=False\nboost:without_program_options=False\nboost:without_python=True\nboost:without_random=False\nboost:without_regex=False\nboost:without_serialization=False\nboost:without_stacktrace=False\nboost:without_system=False\nboost:without_test=False\nboost:without_thread=False\nboost:without_timer=False\nboost:without_type_erasure=False\nboost:without_wave=False\nboost:zlib=True\nboost:zstd=False\nbzip2:build_executable=True\nbzip2:fPIC=True\nbzip2:shared=False\nfast-cpp-csv-parser:with_thread=True\nfmt:fPIC=True\nfmt:header_only=False\nfmt:shared=False\nfmt:with_fmt_alias=False\nlibiconv:fPIC=True\nlibiconv:shared=False\nspdlog:fPIC=True\nspdlog:header_only=False\nspdlog:no_exceptions=False\nspdlog:shared=False\nspdlog:wchar_filenames=False\nspdlog:wchar_support=False\nyaml-cpp:fPIC=True\nyaml-cpp:shared=False\nzlib:fPIC=True\nzlib:minizip=False\nzlib:shared=False",
    "requires": [
     "1",
     "2",
     "3",
     "4",
     "8",
     "9"
    ],
    "path": "../build/conanfile.txt",
    "context": "host"
   },
   "1": {
    "ref": "cli11/1.9.1",
    "options": "",
    "package_id": "5ab84d6acfe1f23c4fae0ab88f26e3a396351ac9",
    "prev": "0",
    "context": "host"
   },
   "2": {
    "ref": "fmt/7.1.2",
    "options": "fPIC=True\nheader_only=False\nshared=False\nwith_fmt_alias=False",
    "package_id": "39ace7e3c21bc9e69beae13f1a8103f52b2710de",
    "prev": "0",
    "context": "host"
   },
   "3": {
    "ref": "spdlog/1.8.2",
    "options": "fPIC=True\nheader_only=False\nno_exceptions=False\nshared=False\nwchar_filenames=False\nwchar_support=False\nfmt:fPIC=True\nfmt:header_only=False\nfmt:shared=False\nfmt:with_fmt_alias=False",
    "package_id": "7186f8ab5ce51072140b19c066af736d367dedae",
    "prev": "0",
    "requires": [
     "2"
    ],
    "context": "host"
   },
   "4": {
    "ref": "boost/1.75.0",
    "options": "asio_no_deprecated=False\nbzip2=True\ndebug_level=0\ndiagnostic_definitions=False\nerror_code_header_only=False\nextra_b2_flags=None\nfPIC=True\nfilesystem_no_deprecated=False\nheader_only=False\ni18n_backend=iconv\nlayout=system\nlzma=False\nmagic_autolink=False\nmultithreading=True\nnamespace=boost\nnamespace_alias=False\nnuma=True\npch=True\npython_executable=None\npython_version=None\nsegmented_stacks=False\nshared=False\nsystem_no_deprecated=False\nvisibility=hidden\nwithout_atomic=False\nwithout_chrono=False\nwithout_container=False\nwithout_context=False\nwithout_contract=False\nwithout_coroutine=False\nwithout_date_time=False\nwithout_exception=False\nwithout_fiber=False\nwithout_filesystem=False\nwithout_graph=False\nwithout_graph_parallel=True\nwithout_iostreams=False\nwithout_json=False\nwithout_locale=False\nwithout_log=False\nwithout_math=False\nwithout_mpi=True\nwithout_nowide=False\nwithout_program_options=False\nwithout_python=True\nwithout_random=False\nwithout_regex=False\nwithout_serialization=False\nwithout_stacktrace=False\nwithout_system=False\nwithout_test=False\nwithout_thread=False\nwithout_timer=False\nwithout_type_erasure=False\nwithout_wave=False\nzlib=True\nzstd=False\nbzip2:build_executable=True\nbzip2:fPIC=True\nbzip2:shared=False\nlibiconv:fPIC=True\nlibiconv:shared=False\nzlib:fPIC=True\nzlib:minizip=False\nzlib:shared=False",
    "package_id": "732c5b23476be152b6d889260db753ba22a662f1",
    "prev": "0",
    "requires": [
     "5",
     "6",
     "7"
    ],
    "context": "host"
   },
   "5": {
    "ref": "zlib/1.2.11",
    "options": "fPIC=True\nminizip=False\nshared=False",
    "package_id": "6b7ff26bfd4c2cf2ccba522bfba2d2e7820e40da",
    "prev": "0",
    "context": "host"
   },
   "6": {
    "ref": "bzip2/1.0.8",
    "options": "build_executable=True\nfPIC=True\nshared=False",
    "package_id": "ff2ff6bb41ed84283a6634bada252c37f13eb93c",
    "prev": "0",
    "context": "host"
   },
   "7": {
    "ref": "libiconv/1.16",
    "options": "fPIC=True\nshared=False",
    "package_id": "6b7ff26bfd4c2cf2ccba522bfba2d2e7820e40da",
    "prev": "0",
    "context": "host"
   },
   "8": {
    "ref": "yaml-cpp/0.6.3",
    "options": "fPIC=True\nshared=False",
    "package_id": "39ace7e3c21bc9e69beae13f1a8103f52b2710de",
    "prev": "0",
    "context": "host"
   },
   "9": {
    "ref": "fast-cpp-csv-parser/cci.20200830",
    "options": "with_thread=True",
    "package_id": "5ab84d6acfe1f23c4fae0ab88f26e3a396351ac9",
    "prev": "0",
    "context": "host"
   }
  },
  "revisions_enabled": false
 },
 "version": "0.4",
 "profile_host": "[settings]\narch=x86_64\narch_build=x86_64\nbuild_type=RelWithDebInfo\ncompiler=gcc\ncompiler.cppstd=14\ncompiler.libcxx=libstdc++11\ncompiler.version=9\nos=Linux\nos_build=Linux\n[options]\n[build_requires]\n[env]\n"
}